
Microsoft Visual Studio Solution File, Format Version 12.00
# Visual Studio Version 17
VisualStudioVersion = 17.1.32421.90
MinimumVisualStudioVersion = 10.0.40219.1
Project("{FAE04EC0-301F-11D3-BF4B-00C04F79EFBC}") = "CalculatorGUI", "CalculatorGUI\CalculatorGUI.csproj", "{EBBB84A2-CA16-4B75-8C14-E759735D0E3D}"
EndProject
Global
	GlobalSection(SolutionConfigurationPlatforms) = preSolution
		Debug|Any CPU = Debug|Any CPU
		Release|Any CPU = Release|Any CPU
	EndGlobalSection
	GlobalSection(ProjectConfigurationPlatforms) = postSolution
		{EBBB84A2-CA16-4B75-8C14-E759735D0E3D}.Debug|Any CPU.ActiveCfg = Debug|Any CPU
		{EBBB84A2-CA16-4B75-8C14-E759735D0E3D}.Debug|Any CPU.Build.0 = Debug|Any CPU
		{EBBB84A2-CA16-4B75-8C14-E759735D0E3D}.Release|Any CPU.ActiveCfg = Release|Any CPU
		{EBBB84A2-CA16-4B75-8C14-E759735D0E3D}.Release|Any CPU.Build.0 = Release|Any CPU
	EndGlobalSection
	GlobalSection(SolutionProperties) = preSolution
		HideSolutionNode = FALSE
	EndGlobalSection
	GlobalSection(ExtensibilityGlobals) = postSolution
		SolutionGuid = {27A865B3-5E19-4D82-93FF-1BD6A2AFAD2B}
	EndGlobalSection
EndGlobal
